
Microsoft Visual Studio Solution File, Format Version 12.00
# Visual Studio Version 16
VisualStudioVersion = 16.0.29905.134
MinimumVisualStudioVersion = 10.0.40219.1
Project("{FAE04EC0-301F-11D3-BF4B-00C04F79EFBC}") = "Stok", "Stok\Stok.csproj", "{15E2DCE3-A09A-4AF3-BD02-C3DC18750CF9}"
EndProject
Global
	GlobalSection(SolutionConfigurationPlatforms) = preSolution
		Debug|Any CPU = Debug|Any CPU
		Release|Any CPU = Release|Any CPU
	EndGlobalSection
	GlobalSection(ProjectConfigurationPlatforms) = postSolution
		{15E2DCE3-A09A-4AF3-BD02-C3DC18750CF9}.Debug|Any CPU.ActiveCfg = Debug|Any CPU
		{15E2DCE3-A09A-4AF3-BD02-C3DC18750CF9}.Debug|Any CPU.Build.0 = Debug|Any CPU
		{15E2DCE3-A09A-4AF3-BD02-C3DC18750CF9}.Release|Any CPU.ActiveCfg = Release|Any CPU
		{15E2DCE3-A09A-4AF3-BD02-C3DC18750CF9}.Release|Any CPU.Build.0 = Release|Any CPU
	EndGlobalSection
	GlobalSection(SolutionProperties) = preSolution
		HideSolutionNode = FALSE
	EndGlobalSection
	GlobalSection(ExtensibilityGlobals) = postSolution
		SolutionGuid = {579AE53E-D57D-4877-B4C7-87FFAA1E2289}
	EndGlobalSection
EndGlobal
